// !$*UTF8*$!
{
	archiveVersion = 1;
	classes = {
	};
	objectVersion = 50;
	objects = {

/* Begin PBXBuildFile section */
		448155E2264E5D8700BB30D6 /* AppDelegate.swift in Sources */ = {isa = PBXBuildFile; fileRef = 448155E1264E5D8700BB30D6 /* AppDelegate.swift */; };
		448155E6264E5D8700BB30D6 /* ViewController.swift in Sources */ = {isa = PBXBuildFile; fileRef = 448155E5264E5D8700BB30D6 /* ViewController.swift */; };
		448155E9264E5D8700BB30D6 /* Main.storyboard in Resources */ = {isa = PBXBuildFile; fileRef = 448155E7264E5D8700BB30D6 /* Main.storyboard */; };
		448155EB264E5D8800BB30D6 /* Assets.xcassets in Resources */ = {isa = PBXBuildFile; fileRef = 448155EA264E5D8800BB30D6 /* Assets.xcassets */; };
		448155EE264E5D8800BB30D6 /* LaunchScreen.storyboard in Resources */ = {isa = PBXBuildFile; fileRef = 448155EC264E5D8800BB30D6 /* LaunchScreen.storyboard */; };
		448155F9264E5FCA00BB30D6 /* MusicInfo.swift in Sources */ = {isa = PBXBuildFile; fileRef = 448155F8264E5FCA00BB30D6 /* MusicInfo.swift */; };
		448155FE264E626F00BB30D6 /* NetworkRouter.swift in Sources */ = {isa = PBXBuildFile; fileRef = 448155FD264E626F00BB30D6 /* NetworkRouter.swift */; };
		44815603264E62A400BB30D6 /* AppError.swift in Sources */ = {isa = PBXBuildFile; fileRef = 44815602264E62A400BB30D6 /* AppError.swift */; };
		44815608264E62C200BB30D6 /* UIImageView+Extension.swift in Sources */ = {isa = PBXBuildFile; fileRef = 44815607264E62C200BB30D6 /* UIImageView+Extension.swift */; };
		4481560D264E632800BB30D6 /* MusicViewModel.swift in Sources */ = {isa = PBXBuildFile; fileRef = 4481560C264E632800BB30D6 /* MusicViewModel.swift */; };
		44815618264E675500BB30D6 /* MusicTableViewCell.swift in Sources */ = {isa = PBXBuildFile; fileRef = 44815616264E675500BB30D6 /* MusicTableViewCell.swift */; };
		44815619264E675500BB30D6 /* MusicTableViewCell.xib in Resources */ = {isa = PBXBuildFile; fileRef = 44815617264E675500BB30D6 /* MusicTableViewCell.xib */; };
/* End PBXBuildFile section */

/* Begin PBXFileReference section */
		448155DE264E5D8700BB30D6 /* M800InterviewProject.app */ = {isa = PBXFileReference; explicitFileType = wrapper.application; includeInIndex = 0; path = M800InterviewProject.app; sourceTree = BUILT_PRODUCTS_DIR; };
		448155E1264E5D8700BB30D6 /* AppDelegate.swift */ = {isa = PBXFileReference; lastKnownFileType = sourcecode.swift; path = AppDelegate.swift; sourceTree = "<group>"; };
		448155E5264E5D8700BB30D6 /* ViewController.swift */ = {isa = PBXFileReference; lastKnownFileType = sourcecode.swift; path = ViewController.swift; sourceTree = "<group>"; };
		448155E8264E5D8700BB30D6 /* Base */ = {isa = PBXFileReference; lastKnownFileType = file.storyboard; name = Base; path = Base.lproj/Main.storyboard; sourceTree = "<group>"; };
		448155EA264E5D8800BB30D6 /* Assets.xcassets */ = {isa = PBXFileReference; lastKnownFileType = folder.assetcatalog; path = Assets.xcassets; sourceTree = "<group>"; };
		448155ED264E5D8800BB30D6 /* Base */ = {isa = PBXFileReference; lastKnownFileType = file.storyboard; name = Base; path = Base.lproj/LaunchScreen.storyboard; sourceTree = "<group>"; };
		448155EF264E5D8800BB30D6 /* Info.plist */ = {isa = PBXFileReference; lastKnownFileType = text.plist.xml; path = Info.plist; sourceTree = "<group>"; };
		448155F8264E5FCA00BB30D6 /* MusicInfo.swift */ = {isa = PBXFileReference; lastKnownFileType = sourcecode.swift; path = MusicInfo.swift; sourceTree = "<group>"; };
		448155FD264E626F00BB30D6 /* NetworkRouter.swift */ = {isa = PBXFileReference; lastKnownFileType = sourcecode.swift; path = NetworkRouter.swift; sourceTree = "<group>"; };
		44815602264E62A400BB30D6 /* AppError.swift */ = {isa = PBXFileReference; lastKnownFileType = sourcecode.swift; path = AppError.swift; sourceTree = "<group>"; };
		44815607264E62C200BB30D6 /* UIImageView+Extension.swift */ = {isa = PBXFileReference; lastKnownFileType = sourcecode.swift; path = "UIImageView+Extension.swift"; sourceTree = "<group>"; };
		4481560C264E632800BB30D6 /* MusicViewModel.swift */ = {isa = PBXFileReference; lastKnownFileType = sourcecode.swift; path = MusicViewModel.swift; sourceTree = "<group>"; };
		44815616264E675500BB30D6 /* MusicTableViewCell.swift */ = {isa = PBXFileReference; lastKnownFileType = sourcecode.swift; path = MusicTableViewCell.swift; sourceTree = "<group>"; };
		44815617264E675500BB30D6 /* MusicTableViewCell.xib */ = {isa = PBXFileReference; lastKnownFileType = file.xib; path = MusicTableViewCell.xib; sourceTree = "<group>"; };
/* End PBXFileReference section */

/* Begin PBXFrameworksBuildPhase section */
		448155DB264E5D8700BB30D6 /* Frameworks */ = {
			isa = PBXFrameworksBuildPhase;
			buildActionMask = 2147483647;
			files = (
			);
			runOnlyForDeploymentPostprocessing = 0;
		};
/* End PBXFrameworksBuildPhase section */

/* Begin PBXGroup section */
		448155D5264E5D8700BB30D6 = {
			isa = PBXGroup;
			children = (
				448155E0264E5D8700BB30D6 /* M800InterviewProject */,
				448155DF264E5D8700BB30D6 /* Products */,
			);
			sourceTree = "<group>";
		};
		448155DF264E5D8700BB30D6 /* Products */ = {
			isa = PBXGroup;
			children = (
				448155DE264E5D8700BB30D6 /* M800InterviewProject.app */,
			);
			name = Products;
			sourceTree = "<group>";
		};
		448155E0264E5D8700BB30D6 /* M800InterviewProject */ = {
			isa = PBXGroup;
			children = (
				44815622264E846C00BB30D6 /* UIViewController */,
				44815611264E672F00BB30D6 /* UITableViewCell */,
				4481560B264E631900BB30D6 /* ViewModel */,
				44815606264E62BA00BB30D6 /* Extension */,
				44815601264E629700BB30D6 /* Error */,
				448155FC264E626100BB30D6 /* Network */,
				448155F7264E5FBD00BB30D6 /* Model */,
				448155E1264E5D8700BB30D6 /* AppDelegate.swift */,
				448155E5264E5D8700BB30D6 /* ViewController.swift */,
				448155E7264E5D8700BB30D6 /* Main.storyboard */,
				448155EA264E5D8800BB30D6 /* Assets.xcassets */,
				448155EC264E5D8800BB30D6 /* LaunchScreen.storyboard */,
				448155EF264E5D8800BB30D6 /* Info.plist */,
			);
			path = M800InterviewProject;
			sourceTree = "<group>";
		};
		448155F7264E5FBD00BB30D6 /* Model */ = {
			isa = PBXGroup;
			children = (
				448155F8264E5FCA00BB30D6 /* MusicInfo.swift */,
			);
			path = Model;
			sourceTree = "<group>";
		};
		448155FC264E626100BB30D6 /* Network */ = {
			isa = PBXGroup;
			children = (
				448155FD264E626F00BB30D6 /* NetworkRouter.swift */,
			);
			path = Network;
			sourceTree = "<group>";
		};
		44815601264E629700BB30D6 /* Error */ = {
			isa = PBXGroup;
			children = (
				44815602264E62A400BB30D6 /* AppError.swift */,
			);
			path = Error;
			sourceTree = "<group>";
		};
		44815606264E62BA00BB30D6 /* Extension */ = {
			isa = PBXGroup;
			children = (
				44815607264E62C200BB30D6 /* UIImageView+Extension.swift */,
			);
			path = Extension;
			sourceTree = "<group>";
		};
		4481560B264E631900BB30D6 /* ViewModel */ = {
			isa = PBXGroup;
			children = (
				4481560C264E632800BB30D6 /* MusicViewModel.swift */,
			);
			path = ViewModel;
			sourceTree = "<group>";
		};
		44815611264E672F00BB30D6 /* UITableViewCell */ = {
			isa = PBXGroup;
			children = (
				44815616264E675500BB30D6 /* MusicTableViewCell.swift */,
				44815617264E675500BB30D6 /* MusicTableViewCell.xib */,
			);
			path = UITableViewCell;
			sourceTree = "<group>";
		};
		44815622264E846C00BB30D6 /* UIViewController */ = {
			isa = PBXGroup;
			children = (
			);
			path = UIViewController;
			sourceTree = "<group>";
		};
/* End PBXGroup section */

/* Begin PBXNativeTarget section */
		448155DD264E5D8700BB30D6 /* M800InterviewProject */ = {
			isa = PBXNativeTarget;
			buildConfigurationList = 448155F2264E5D8800BB30D6 /* Build configuration list for PBXNativeTarget "M800InterviewProject" */;
			buildPhases = (
				448155DA264E5D8700BB30D6 /* Sources */,
				448155DB264E5D8700BB30D6 /* Frameworks */,
				448155DC264E5D8700BB30D6 /* Resources */,
			);
			buildRules = (
			);
			dependencies = (
			);
			name = M800InterviewProject;
			productName = M800InterviewProject;
			productReference = 448155DE264E5D8700BB30D6 /* M800InterviewProject.app */;
			productType = "com.apple.product-type.application";
		};
/* End PBXNativeTarget section */

/* Begin PBXProject section */
		448155D6264E5D8700BB30D6 /* Project object */ = {
			isa = PBXProject;
			attributes = {
				LastSwiftUpdateCheck = 1240;
				LastUpgradeCheck = 1240;
				TargetAttributes = {
					448155DD264E5D8700BB30D6 = {
						CreatedOnToolsVersion = 12.4;
					};
				};
			};
			buildConfigurationList = 448155D9264E5D8700BB30D6 /* Build configuration list for PBXProject "M800InterviewProject" */;
			compatibilityVersion = "Xcode 9.3";
			developmentRegion = en;
			hasScannedForEncodings = 0;
			knownRegions = (
				en,
				Base,
			);
			mainGroup = 448155D5264E5D8700BB30D6;
			productRefGroup = 448155DF264E5D8700BB30D6 /* Products */;
			projectDirPath = "";
			projectRoot = "";
			targets = (
				448155DD264E5D8700BB30D6 /* M800InterviewProject */,
			);
		};
/* End PBXProject section */

/* Begin PBXResourcesBuildPhase section */
		448155DC264E5D8700BB30D6 /* Resources */ = {
			isa = PBXResourcesBuildPhase;
			buildActionMask = 2147483647;
			files = (
				448155EE264E5D8800BB30D6 /* LaunchScreen.storyboard in Resources */,
				448155EB264E5D8800BB30D6 /* Assets.xcassets in Resources */,
				448155E9264E5D8700BB30D6 /* Main.storyboard in Resources */,
				44815619264E675500BB30D6 /* MusicTableViewCell.xib in Resources */,
			);
			runOnlyForDeploymentPostprocessing = 0;
		};
/* End PBXResourcesBuildPhase section */

/* Begin PBXSourcesBuildPhase section */
		448155DA264E5D8700BB30D6 /* Sources */ = {
			isa = PBXSourcesBuildPhase;
			buildActionMask = 2147483647;
			files = (
				448155E6264E5D8700BB30D6 /* ViewController.swift in Sources */,
				448155E2264E5D8700BB30D6 /* AppDelegate.swift in Sources */,
				44815608264E62C200BB30D6 /* UIImageView+Extension.swift in Sources */,
				44815603264E62A400BB30D6 /* AppError.swift in Sources */,
				4481560D264E632800BB30D6 /* MusicViewModel.swift in Sources */,
				448155FE264E626F00BB30D6 /* NetworkRouter.swift in Sources */,
				448155F9264E5FCA00BB30D6 /* MusicInfo.swift in Sources */,
				44815618264E675500BB30D6 /* MusicTableViewCell.swift in Sources */,
			);
			runOnlyForDeploymentPostprocessing = 0;
		};
/* End PBXSourcesBuildPhase section */

/* Begin PBXVariantGroup section */
		448155E7264E5D8700BB30D6 /* Main.storyboard */ = {
			isa = PBXVariantGroup;
			children = (
				448155E8264E5D8700BB30D6 /* Base */,
			);
			name = Main.storyboard;
			sourceTree = "<group>";
		};
		448155EC264E5D8800BB30D6 /* LaunchScreen.storyboard */ = {
			isa = PBXVariantGroup;
			children = (
				448155ED264E5D8800BB30D6 /* Base */,
			);
			name = LaunchScreen.storyboard;
			sourceTree = "<group>";
		};
/* End PBXVariantGroup section */

/* Begin XCBuildConfiguration section */
		448155F0264E5D8800BB30D6 /* Debug */ = {
			isa = XCBuildConfiguration;
			buildSettings = {
				ALWAYS_SEARCH_USER_PATHS = NO;
				CLANG_ANALYZER_NONNULL = YES;
				CLANG_ANALYZER_NUMBER_OBJECT_CONVERSION = YES_AGGRESSIVE;
				CLANG_CXX_LANGUAGE_STANDARD = "gnu++14";
				CLANG_CXX_LIBRARY = "libc++";
				CLANG_ENABLE_MODULES = YES;
				CLANG_ENABLE_OBJC_ARC = YES;
				CLANG_ENABLE_OBJC_WEAK = YES;
				CLANG_WARN_BLOCK_CAPTURE_AUTORELEASING = YES;
				CLANG_WARN_BOOL_CONVERSION = YES;
				CLANG_WARN_COMMA = YES;
				CLANG_WARN_CONSTANT_CONVERSION = YES;
				CLANG_WARN_DEPRECATED_OBJC_IMPLEMENTATIONS = YES;
				CLANG_WARN_DIRECT_OBJC_ISA_USAGE = YES_ERROR;
				CLANG_WARN_DOCUMENTATION_COMMENTS = YES;
				CLANG_WARN_EMPTY_BODY = YES;
				CLANG_WARN_ENUM_CONVERSION = YES;
				CLANG_WARN_INFINITE_RECURSION = YES;
				CLANG_WARN_INT_CONVERSION = YES;
				CLANG_WARN_NON_LITERAL_NULL_CONVERSION = YES;
				CLANG_WARN_OBJC_IMPLICIT_RETAIN_SELF = YES;
				CLANG_WARN_OBJC_LITERAL_CONVERSION = YES;
				CLANG_WARN_OBJC_ROOT_CLASS = YES_ERROR;
				CLANG_WARN_QUOTED_INCLUDE_IN_FRAMEWORK_HEADER = YES;
				CLANG_WARN_RANGE_LOOP_ANALYSIS = YES;
				CLANG_WARN_STRICT_PROTOTYPES = YES;
				CLANG_WARN_SUSPICIOUS_MOVE = YES;
				CLANG_WARN_UNGUARDED_AVAILABILITY = YES_AGGRESSIVE;
				CLANG_WARN_UNREACHABLE_CODE = YES;
				CLANG_WARN__DUPLICATE_METHOD_MATCH = YES;
				COPY_PHASE_STRIP = NO;
				DEBUG_INFORMATION_FORMAT = dwarf;
				ENABLE_STRICT_OBJC_MSGSEND = YES;
				ENABLE_TESTABILITY = YES;
				GCC_C_LANGUAGE_STANDARD = gnu11;
				GCC_DYNAMIC_NO_PIC = NO;
				GCC_NO_COMMON_BLOCKS = YES;
				GCC_OPTIMIZATION_LEVEL = 0;
				GCC_PREPROCESSOR_DEFINITIONS = (
					"DEBUG=1",
					"$(inherited)",
				);
				GCC_WARN_64_TO_32_BIT_CONVERSION = YES;
				GCC_WARN_ABOUT_RETURN_TYPE = YES_ERROR;
				GCC_WARN_UNDECLARED_SELECTOR = YES;
				GCC_WARN_UNINITIALIZED_AUTOS = YES_AGGRESSIVE;
				GCC_WARN_UNUSED_FUNCTION = YES;
				GCC_WARN_UNUSED_VARIABLE = YES;
				IPHONEOS_DEPLOYMENT_TARGET = 14.4;
				MTL_ENABLE_DEBUG_INFO = INCLUDE_SOURCE;
				MTL_FAST_MATH = YES;
				ONLY_ACTIVE_ARCH = YES;
				SDKROOT = iphoneos;
				SWIFT_ACTIVE_COMPILATION_CONDITIONS = DEBUG;
				SWIFT_OPTIMIZATION_LEVEL = "-Onone";
			};
			name = Debug;
		};
		448155F1264E5D8800BB30D6 /* Release */ = {
			isa = XCBuildConfiguration;
			buildSettings = {
				ALWAYS_SEARCH_USER_PATHS = NO;
				CLANG_ANALYZER_NONNULL = YES;
				CLANG_ANALYZER_NUMBER_OBJECT_CONVERSION = YES_AGGRESSIVE;
				CLANG_CXX_LANGUAGE_STANDARD = "gnu++14";
				CLANG_CXX_LIBRARY = "libc++";
				CLANG_ENABLE_MODULES = YES;
				CLANG_ENABLE_OBJC_ARC = YES;
				CLANG_ENABLE_OBJC_WEAK = YES;
				CLANG_WARN_BLOCK_CAPTURE_AUTORELEASING = YES;
				CLANG_WARN_BOOL_CONVERSION = YES;
				CLANG_WARN_COMMA = YES;
				CLANG_WARN_CONSTANT_CONVERSION = YES;
				CLANG_WARN_DEPRECATED_OBJC_IMPLEMENTATIONS = YES;
				CLANG_WARN_DIRECT_OBJC_ISA_USAGE = YES_ERROR;
				CLANG_WARN_DOCUMENTATION_COMMENTS = YES;
				CLANG_WARN_EMPTY_BODY = YES;
				CLANG_WARN_ENUM_CONVERSION = YES;
				CLANG_WARN_INFINITE_RECURSION = YES;
				CLANG_WARN_INT_CONVERSION = YES;
				CLANG_WARN_NON_LITERAL_NULL_CONVERSION = YES;
				CLANG_WARN_OBJC_IMPLICIT_RETAIN_SELF = YES;
				CLANG_WARN_OBJC_LITERAL_CONVERSION = YES;
				CLANG_WARN_OBJC_ROOT_CLASS = YES_ERROR;
				CLANG_WARN_QUOTED_INCLUDE_IN_FRAMEWORK_HEADER = YES;
				CLANG_WARN_RANGE_LOOP_ANALYSIS = YES;
				CLANG_WARN_STRICT_PROTOTYPES = YES;
				CLANG_WARN_SUSPICIOUS_MOVE = YES;
				CLANG_WARN_UNGUARDED_AVAILABILITY = YES_AGGRESSIVE;
				CLANG_WARN_UNREACHABLE_CODE = YES;
				CLANG_WARN__DUPLICATE_METHOD_MATCH = YES;
				COPY_PHASE_STRIP = NO;
				DEBUG_INFORMATION_FORMAT = "dwarf-with-dsym";
				ENABLE_NS_ASSERTIONS = NO;
				ENABLE_STRICT_OBJC_MSGSEND = YES;
				GCC_C_LANGUAGE_STANDARD = gnu11;
				GCC_NO_COMMON_BLOCKS = YES;
				GCC_WARN_64_TO_32_BIT_CONVERSION = YES;
				GCC_WARN_ABOUT_RETURN_TYPE = YES_ERROR;
				GCC_WARN_UNDECLARED_SELECTOR = YES;
				GCC_WARN_UNINITIALIZED_AUTOS = YES_AGGRESSIVE;
				GCC_WARN_UNUSED_FUNCTION = YES;
				GCC_WARN_UNUSED_VARIABLE = YES;
				IPHONEOS_DEPLOYMENT_TARGET = 14.4;
				MTL_ENABLE_DEBUG_INFO = NO;
				MTL_FAST_MATH = YES;
				SDKROOT = iphoneos;
				SWIFT_COMPILATION_MODE = wholemodule;
				SWIFT_OPTIMIZATION_LEVEL = "-O";
				VALIDATE_PRODUCT = YES;
			};
			name = Release;
		};
		448155F3264E5D8800BB30D6 /* Debug */ = {
			isa = XCBuildConfiguration;
			buildSettings = {
				ASSETCATALOG_COMPILER_APPICON_NAME = AppIcon;
				ASSETCATALOG_COMPILER_GLOBAL_ACCENT_COLOR_NAME = AccentColor;
				CODE_SIGN_STYLE = Automatic;
				DEVELOPMENT_TEAM = XVB2JZ6L9X;
				INFOPLIST_FILE = M800InterviewProject/Info.plist;
				IPHONEOS_DEPLOYMENT_TARGET = 9.0;
				LD_RUNPATH_SEARCH_PATHS = (
					"$(inherited)",
					"@executable_path/Frameworks",
				);
				PRODUCT_BUNDLE_IDENTIFIER = com.TerryLee.M800InterviewProject;
				PRODUCT_NAME = "$(TARGET_NAME)";
				SWIFT_VERSION = 5.0;
				TARGETED_DEVICE_FAMILY = "1,2";
			};
			name = Debug;
		};
		448155F4264E5D8800BB30D6 /* Release */ = {
			isa = XCBuildConfiguration;
			buildSettings = {
				ASSETCATALOG_COMPILER_APPICON_NAME = AppIcon;
				ASSETCATALOG_COMPILER_GLOBAL_ACCENT_COLOR_NAME = AccentColor;
				CODE_SIGN_STYLE = Automatic;
				DEVELOPMENT_TEAM = XVB2JZ6L9X;
				INFOPLIST_FILE = M800InterviewProject/Info.plist;
				IPHONEOS_DEPLOYMENT_TARGET = 9.0;
				LD_RUNPATH_SEARCH_PATHS = (
					"$(inherited)",
					"@executable_path/Frameworks",
				);
				PRODUCT_BUNDLE_IDENTIFIER = com.TerryLee.M800InterviewProject;
				PRODUCT_NAME = "$(TARGET_NAME)";
				SWIFT_VERSION = 5.0;
				TARGETED_DEVICE_FAMILY = "1,2";
			};
			name = Release;
		};
/* End XCBuildConfiguration section */

/* Begin XCConfigurationList section */
		448155D9264E5D8700BB30D6 /* Build configuration list for PBXProject "M800InterviewProject" */ = {
			isa = XCConfigurationList;
			buildConfigurations = (
				448155F0264E5D8800BB30D6 /* Debug */,
				448155F1264E5D8800BB30D6 /* Release */,
			);
			defaultConfigurationIsVisible = 0;
			defaultConfigurationName = Release;
		};
		448155F2264E5D8800BB30D6 /* Build configuration list for PBXNativeTarget "M800InterviewProject" */ = {
			isa = XCConfigurationList;
			buildConfigurations = (
				448155F3264E5D8800BB30D6 /* Debug */,
				448155F4264E5D8800BB30D6 /* Release */,
			);
			defaultConfigurationIsVisible = 0;
			defaultConfigurationName = Release;
		};
/* End XCConfigurationList section */
	};
	rootObject = 448155D6264E5D8700BB30D6 /* Project object */;
}
